
Microsoft Visual Studio Solution File, Format Version 12.00
# Visual Studio Version 17
VisualStudioVersion = 17.4.33205.214
MinimumVisualStudioVersion = 10.0.40219.1
Project("{FAE04EC0-301F-11D3-BF4B-00C04F79EFBC}") = "ApUser", "ApUser.csproj", "{8BA3B06D-51E3-4F08-BFD3-A762B101703F}"
EndProject
Global
	GlobalSection(SolutionConfigurationPlatforms) = preSolution
		Debug|Any CPU = Debug|Any CPU
		Release|Any CPU = Release|Any CPU
	EndGlobalSection
	GlobalSection(ProjectConfigurationPlatforms) = postSolution
		{8BA3B06D-51E3-4F08-BFD3-A762B101703F}.Debug|Any CPU.ActiveCfg = Debug|Any CPU
		{8BA3B06D-51E3-4F08-BFD3-A762B101703F}.Debug|Any CPU.Build.0 = Debug|Any CPU
		{8BA3B06D-51E3-4F08-BFD3-A762B101703F}.Release|Any CPU.ActiveCfg = Release|Any CPU
		{8BA3B06D-51E3-4F08-BFD3-A762B101703F}.Release|Any CPU.Build.0 = Release|Any CPU
	EndGlobalSection
	GlobalSection(SolutionProperties) = preSolution
		HideSolutionNode = FALSE
	EndGlobalSection
	GlobalSection(ExtensibilityGlobals) = postSolution
		SolutionGuid = {05FB664F-BF80-45F5-9A8E-1C9190A61773}
	EndGlobalSection
EndGlobal
